
Microsoft Visual Studio Solution File, Format Version 12.00
# Visual Studio Version 16
VisualStudioVersion = 16.0.29519.87
MinimumVisualStudioVersion = 10.0.40219.1
Project("{9A19103F-16F7-4668-BE54-9A1E7A4F7556}") = "04", "04.csproj", "{8656D58D-5B9A-4E69-B9C3-3674B92A0489}"
EndProject
Global
	GlobalSection(SolutionConfigurationPlatforms) = preSolution
		Debug|Any CPU = Debug|Any CPU
		Release|Any CPU = Release|Any CPU
	EndGlobalSection
	GlobalSection(ProjectConfigurationPlatforms) = postSolution
		{8656D58D-5B9A-4E69-B9C3-3674B92A0489}.Debug|Any CPU.ActiveCfg = Debug|Any CPU
		{8656D58D-5B9A-4E69-B9C3-3674B92A0489}.Debug|Any CPU.Build.0 = Debug|Any CPU
		{8656D58D-5B9A-4E69-B9C3-3674B92A0489}.Release|Any CPU.ActiveCfg = Release|Any CPU
		{8656D58D-5B9A-4E69-B9C3-3674B92A0489}.Release|Any CPU.Build.0 = Release|Any CPU
	EndGlobalSection
	GlobalSection(SolutionProperties) = preSolution
		HideSolutionNode = FALSE
	EndGlobalSection
	GlobalSection(ExtensibilityGlobals) = postSolution
		SolutionGuid = {02F6CFFA-72F7-4633-987A-8BA54F6C1446}
	EndGlobalSection
EndGlobal
