
Microsoft Visual Studio Solution File, Format Version 12.00
# Visual Studio Version 16
VisualStudioVersion = 16.0.29613.14
MinimumVisualStudioVersion = 10.0.40219.1
Project("{9A19103F-16F7-4668-BE54-9A1E7A4F7556}") = "21", "21.csproj", "{56F27E34-F8D3-4CD7-AA18-6788967D7946}"
EndProject
Global
	GlobalSection(SolutionConfigurationPlatforms) = preSolution
		Debug|Any CPU = Debug|Any CPU
		Release|Any CPU = Release|Any CPU
	EndGlobalSection
	GlobalSection(ProjectConfigurationPlatforms) = postSolution
		{56F27E34-F8D3-4CD7-AA18-6788967D7946}.Debug|Any CPU.ActiveCfg = Debug|Any CPU
		{56F27E34-F8D3-4CD7-AA18-6788967D7946}.Debug|Any CPU.Build.0 = Debug|Any CPU
		{56F27E34-F8D3-4CD7-AA18-6788967D7946}.Release|Any CPU.ActiveCfg = Release|Any CPU
		{56F27E34-F8D3-4CD7-AA18-6788967D7946}.Release|Any CPU.Build.0 = Release|Any CPU
	EndGlobalSection
	GlobalSection(SolutionProperties) = preSolution
		HideSolutionNode = FALSE
	EndGlobalSection
	GlobalSection(ExtensibilityGlobals) = postSolution
		SolutionGuid = {5DE961DA-B685-4BAF-A718-82145C9909C8}
	EndGlobalSection
EndGlobal
