
Microsoft Visual Studio Solution File, Format Version 12.00
# Visual Studio Version 16
VisualStudioVersion = 16.0.29609.76
MinimumVisualStudioVersion = 10.0.40219.1
Project("{9A19103F-16F7-4668-BE54-9A1E7A4F7556}") = "17", "17.csproj", "{C49A2814-B580-4F9E-9F93-797BB8EA6FB7}"
EndProject
Global
	GlobalSection(SolutionConfigurationPlatforms) = preSolution
		Debug|Any CPU = Debug|Any CPU
		Release|Any CPU = Release|Any CPU
	EndGlobalSection
	GlobalSection(ProjectConfigurationPlatforms) = postSolution
		{C49A2814-B580-4F9E-9F93-797BB8EA6FB7}.Debug|Any CPU.ActiveCfg = Debug|Any CPU
		{C49A2814-B580-4F9E-9F93-797BB8EA6FB7}.Debug|Any CPU.Build.0 = Debug|Any CPU
		{C49A2814-B580-4F9E-9F93-797BB8EA6FB7}.Release|Any CPU.ActiveCfg = Release|Any CPU
		{C49A2814-B580-4F9E-9F93-797BB8EA6FB7}.Release|Any CPU.Build.0 = Release|Any CPU
	EndGlobalSection
	GlobalSection(SolutionProperties) = preSolution
		HideSolutionNode = FALSE
	EndGlobalSection
	GlobalSection(ExtensibilityGlobals) = postSolution
		SolutionGuid = {0805CC7F-1ECE-42AA-B381-7F53E79AAD35}
	EndGlobalSection
EndGlobal
