
Microsoft Visual Studio Solution File, Format Version 12.00
# Visual Studio Version 16
VisualStudioVersion = 16.0.29613.14
MinimumVisualStudioVersion = 10.0.40219.1
Project("{9A19103F-16F7-4668-BE54-9A1E7A4F7556}") = "22", "22.csproj", "{876572C1-9C6F-4DA5-A63A-0AAAB1CD11EE}"
EndProject
Global
	GlobalSection(SolutionConfigurationPlatforms) = preSolution
		Debug|Any CPU = Debug|Any CPU
		Release|Any CPU = Release|Any CPU
	EndGlobalSection
	GlobalSection(ProjectConfigurationPlatforms) = postSolution
		{876572C1-9C6F-4DA5-A63A-0AAAB1CD11EE}.Debug|Any CPU.ActiveCfg = Debug|Any CPU
		{876572C1-9C6F-4DA5-A63A-0AAAB1CD11EE}.Debug|Any CPU.Build.0 = Debug|Any CPU
		{876572C1-9C6F-4DA5-A63A-0AAAB1CD11EE}.Release|Any CPU.ActiveCfg = Release|Any CPU
		{876572C1-9C6F-4DA5-A63A-0AAAB1CD11EE}.Release|Any CPU.Build.0 = Release|Any CPU
	EndGlobalSection
	GlobalSection(SolutionProperties) = preSolution
		HideSolutionNode = FALSE
	EndGlobalSection
	GlobalSection(ExtensibilityGlobals) = postSolution
		SolutionGuid = {87E72484-5EB8-418A-94B3-3F47EB64A0FF}
	EndGlobalSection
EndGlobal
