
Microsoft Visual Studio Solution File, Format Version 12.00
# Visual Studio Version 16
VisualStudioVersion = 16.0.29609.76
MinimumVisualStudioVersion = 10.0.40219.1
Project("{9A19103F-16F7-4668-BE54-9A1E7A4F7556}") = "12", "12.csproj", "{FC07C514-D3D3-4CC9-9108-3DBFF64F4AB1}"
EndProject
Global
	GlobalSection(SolutionConfigurationPlatforms) = preSolution
		Debug|Any CPU = Debug|Any CPU
		Release|Any CPU = Release|Any CPU
	EndGlobalSection
	GlobalSection(ProjectConfigurationPlatforms) = postSolution
		{FC07C514-D3D3-4CC9-9108-3DBFF64F4AB1}.Debug|Any CPU.ActiveCfg = Debug|Any CPU
		{FC07C514-D3D3-4CC9-9108-3DBFF64F4AB1}.Debug|Any CPU.Build.0 = Debug|Any CPU
		{FC07C514-D3D3-4CC9-9108-3DBFF64F4AB1}.Release|Any CPU.ActiveCfg = Release|Any CPU
		{FC07C514-D3D3-4CC9-9108-3DBFF64F4AB1}.Release|Any CPU.Build.0 = Release|Any CPU
	EndGlobalSection
	GlobalSection(SolutionProperties) = preSolution
		HideSolutionNode = FALSE
	EndGlobalSection
	GlobalSection(ExtensibilityGlobals) = postSolution
		SolutionGuid = {DE3F0E08-A7D5-492C-86C7-51E0722D8C32}
	EndGlobalSection
EndGlobal
